github.com/cpuguy83/go-md2man/v2 v2.0.6/go.mod h1:oOW0eioCTA6cOiMLiUPZOpcVxMig6NIQQ7OS05n1F4g=
github.com/foks-proj/go-ctxlog v0.0.0-20250303173751-8f2c09f6847f h1:+a3x6K1YmVrYeSlJNOarBA4I68NfWRaP4b5zPa8U5P4=
github.com/foks-proj/go-ctxlog v0.0.0-20250303173751-8f2c09f6847f/go.mod h1:Krvn7SJOuBi1gZx2r40NBOAjftGg2j++3nHiAPis9Oo=
github.com/foks-proj/go-foks v0.0.19 h1:kPQX3orZdX3EEUCRCCtFM6Y1gmWGV8JLUVIn4guRpmo=
github.com/foks-proj/go-foks v0.0.19/go.mod h1:TB7XaaXeWqNBDg8F/XCp2GXlzJnRw7JfKy5Ol6nzMNQ=
github.com/foks-proj/go-snowpack-rpc v0.0.2 h1:2aYoOTBMMRzvAAJdToEeAEjcNWzUVFHl1J1zpF2lPWI=
github.com/foks-proj/go-snowpack-rpc v0.0.2/go.mod h1:x1Qz8m0Wk5af82qXO8u0RW/L3uBcL2INXQwCznyRNrk=
github.com/inconshreveable/mousetrap v1.1.0 h1:wN+x4NVGpMsO7ErUn/mUI3vEoE6Jt13X2s0bqwp9tc8=
github.com/inconshreveable/mousetrap v1.1.0/go.mod h1:vpF70FUmC8bwa3OWnCshd2FqLfsEA9PFc4w1p2J65bw=
github.com/keybase/backoff v1.0.1-0.20160517061000-726b63b835ec h1:D6qL2WCnAuxucGbmL+mDW8IKRK1pex+R1fw5rKa9nXc=
github.com/keybase/backoff v1.0.1-0.20160517061000-726b63b835ec/go.mod h1:jeBKj+20GIDry3doFsAMYH9n7Y3l7ajE3xJrKvVB23s=
github.com/keybase/go-codec v0.0.0-20180928230036-164397562123 h1:yg56lYPqh9suJepqxOMd/liFgU/x+maRPiB30JNYykM=
github.com/keybase/go-codec v0.0.0-20180928230036-164397562123/go.mod h1:r/eVVWCngg6TsFV/3HuS9sWhDkAzGG8mXhiuYA+Z/20=
github.com/keybase/msgpackzip v0.0.0-20250106200500-93bf3a4c34cf h1:wG5lhAbfl5Gir35gAdJywwf7tEjPW9oI0jBjzQZysxQ=
github.com/keybase/msgpackzip v0.0.0-20250106200500-93bf3a4c34cf/go.mod h1:XGERKRnPD1bFQJrhQp5XHw4JtZ+u3nlgdx/xrwF13ow=
github.com/keybase/saltpack v0.0.0-20221220231257-f6cce11cfd0f h1:q6W4z1Qbv9UfOPCpX/ymoiNVbT/+PuCVtOWHu2O5Pss=
github.com/keybase/saltpack v0.0.0-20221220231257-f6cce11cfd0f/go.mod h1:8hM5WwVH+oXJVaxqscISOuOjPHV20Htnl56CBLAPzMY=
github.com/russross/blackfriday/v2 v2.1.0/go.mod h1:+Rmxgy9KzJVeS9/2gXHxylqXiyQDYRxCVz55jmeOWTM=
github.com/spf13/cobra v1.9.1 h1:CXSaggrXdbHK9CF+8ywj8Amf7PBRmPCOJugH954Nnlo=
github.com/spf13/cobra v1.9.1/go.mod h1:nDyEzZ8ogv936Cinf6g1RU9MRY64Ir93oCnqb9wxYW0=
github.com/spf13/pflag v1.0.6 h1:jFzHGLGAlb3ruxLB8MhbI6A8+AQX/2eW4qeyNZXNp2o=
github.com/spf13/pflag v1.0.6/go.mod h1:McXfInJRrz4CZXVZOBLb0bTZqETkiAhM9Iw0y3An2Bg=
golang.org/x/crypto v0.38.0 h1:jt+WWG8IZlBnVbomuhg2Mdq0+BBQaHbtqHEFEigjUV8=
golang.org/x/crypto v0.38.0/go.mod h1:MvrbAqul58NNYPKnOra203SB9vpuZW0e+RRZV+Ggqjw=
golang.org/x/net v0.40.0 h1:79Xs7wF06Gbdcg4kdCCIQArK11Z1hr5POQ6+fIYHNuY=
golang.org/x/net v0.40.0/go.mod h1:y0hY0exeL2Pku80/zKK7tpntoX23cqL3Oa6njdgRtds=
golang.org/x/tools v0.33.0 h1:4qz2S3zmRxbGIhDIAgjxvFutSvH5EfnsYrRBj0UI0bc=
golang.org/x/tools v0.33.0/go.mod h1:CIJMaWEY88juyUfo7UbgPqbC8rU2OqfAV1h2Qp0oMYI=
gopkg.in/check.v1 v0.0.0-20161208181325-20d25e280405/go.mod h1:Co6ibVJAznAaIkqp8huTwlJQCZ016jof/cbN4VW5Yz0=
gopkg.in/yaml.v3 v3.0.1/go.mod h1:K4uyk7z7BCEPqu6E+C64Yfv1cQ7kz7rIZviUmN+EgEM=
